{
  "originHash" : "052035f3afcfeca10f848a4c71db7161e4ac5199b348db408843dea0f3a68f04",
  "pins" : [
    {
      "identity" : "ios-sdk",
      "kind" : "remoteSourceControl",
      "location" : "https://github.com/skyway/ios-sdk.git",
      "state" : {
        "revision" : "4ff5bbb24c12c1124b7d0e2de094d87e4f6ea328",
        "version" : "3.2.0"
      }
    }
  ],
  "version" : 3
}
